
Microsoft Visual Studio Solution File, Format Version 12.00
# Visual Studio Version 17
VisualStudioVersion = 17.4.33205.214
MinimumVisualStudioVersion = 10.0.40219.1
Project("{9A19103F-16F7-4668-BE54-9A1E7A4F7556}") = "OpenBBot", "Window\OpenBBot.csproj", "{60AD1A62-F9C5-4A65-A2A8-684C0C9852AE}"
EndProject
Project("{9A19103F-16F7-4668-BE54-9A1E7A4F7556}") = "Services", "Services\Services.csproj", "{CE693D05-2318-4F9D-BC35-36D97929C3EE}"
EndProject
Global
	GlobalSection(SolutionConfigurationPlatforms) = preSolution
		Debug|Any CPU = Debug|Any CPU
		Release|Any CPU = Release|Any CPU
	EndGlobalSection
	GlobalSection(ProjectConfigurationPlatforms) = postSolution
		{60AD1A62-F9C5-4A65-A2A8-684C0C9852AE}.Debug|Any CPU.ActiveCfg = Debug|Any CPU
		{60AD1A62-F9C5-4A65-A2A8-684C0C9852AE}.Debug|Any CPU.Build.0 = Debug|Any CPU
		{60AD1A62-F9C5-4A65-A2A8-684C0C9852AE}.Release|Any CPU.ActiveCfg = Release|Any CPU
		{60AD1A62-F9C5-4A65-A2A8-684C0C9852AE}.Release|Any CPU.Build.0 = Release|Any CPU
		{CE693D05-2318-4F9D-BC35-36D97929C3EE}.Debug|Any CPU.ActiveCfg = Debug|Any CPU
		{CE693D05-2318-4F9D-BC35-36D97929C3EE}.Debug|Any CPU.Build.0 = Debug|Any CPU
		{CE693D05-2318-4F9D-BC35-36D97929C3EE}.Release|Any CPU.ActiveCfg = Release|Any CPU
		{CE693D05-2318-4F9D-BC35-36D97929C3EE}.Release|Any CPU.Build.0 = Release|Any CPU
	EndGlobalSection
	GlobalSection(SolutionProperties) = preSolution
		HideSolutionNode = FALSE
	EndGlobalSection
	GlobalSection(ExtensibilityGlobals) = postSolution
		SolutionGuid = {A107976E-B214-44A6-BD2F-65FDBC06B842}
	EndGlobalSection
EndGlobal
